
Microsoft Visual Studio Solution File, Format Version 12.00
# Visual Studio Version 17
VisualStudioVersion = 17.8.34511.84
MinimumVisualStudioVersion = 10.0.40219.1
Project("{FAE04EC0-301F-11D3-BF4B-00C04F79EFBC}") = "SV22T1020740.Admin", "SV22T1020740.Admin\SV22T1020740.Admin.csproj", "{E2371DC4-940C-4F4C-9E8C-B1E2AAB3E7C6}"
EndProject
Project("{FAE04EC0-301F-11D3-BF4B-00C04F79EFBC}") = "SV22T1020740.Shop", "SV22T1020740.Shop\SV22T1020740.Shop.csproj", "{6CEC6595-27E7-408F-AEBD-C777F2EA3496}"
EndProject
Project("{FAE04EC0-301F-11D3-BF4B-00C04F79EFBC}") = "SV22T1020740.Models", "SV22T1020740.Models\SV22T1020740.Models.csproj", "{E44D6615-F4DC-48C1-9F87-60B4BC470A78}"
EndProject
Project("{FAE04EC0-301F-11D3-BF4B-00C04F79EFBC}") = "SV22T1020740.DataLayers", "SV22T1020740.DataLayers\SV22T1020740.DataLayers.csproj", "{D34DBBA1-C707-4184-8726-D215585CFF9B}"
EndProject
Project("{FAE04EC0-301F-11D3-BF4B-00C04F79EFBC}") = "SV22T1020740.BusinessLayers", "SV22T1020740.BusinessLayers\SV22T1020740.BusinessLayers.csproj", "{D25B56D7-4C4F-43C7-B104-45DE7A7F0320}"
EndProject
Project("{2150E333-8FDC-42A3-9474-1A3956D46DE8}") = "Applications", "Applications", "{02EA681E-C7D8-13C7-8484-4AC65E1B71E8}"
EndProject
Project("{2150E333-8FDC-42A3-9474-1A3956D46DE8}") = "Libraries", "Libraries", "{3509B23A-C988-4F84-AF31-FB29B43805FC}"
EndProject
Global
	GlobalSection(SolutionConfigurationPlatforms) = preSolution
		Debug|Any CPU = Debug|Any CPU
		Release|Any CPU = Release|Any CPU
	EndGlobalSection
	GlobalSection(ProjectConfigurationPlatforms) = postSolution
		{E2371DC4-940C-4F4C-9E8C-B1E2AAB3E7C6}.Debug|Any CPU.ActiveCfg = Debug|Any CPU
		{E2371DC4-940C-4F4C-9E8C-B1E2AAB3E7C6}.Debug|Any CPU.Build.0 = Debug|Any CPU
		{E2371DC4-940C-4F4C-9E8C-B1E2AAB3E7C6}.Release|Any CPU.ActiveCfg = Release|Any CPU
		{E2371DC4-940C-4F4C-9E8C-B1E2AAB3E7C6}.Release|Any CPU.Build.0 = Release|Any CPU
		{6CEC6595-27E7-408F-AEBD-C777F2EA3496}.Debug|Any CPU.ActiveCfg = Debug|Any CPU
		{6CEC6595-27E7-408F-AEBD-C777F2EA3496}.Debug|Any CPU.Build.0 = Debug|Any CPU
		{6CEC6595-27E7-408F-AEBD-C777F2EA3496}.Release|Any CPU.ActiveCfg = Release|Any CPU
		{6CEC6595-27E7-408F-AEBD-C777F2EA3496}.Release|Any CPU.Build.0 = Release|Any CPU
		{E44D6615-F4DC-48C1-9F87-60B4BC470A78}.Debug|Any CPU.ActiveCfg = Debug|Any CPU
		{E44D6615-F4DC-48C1-9F87-60B4BC470A78}.Debug|Any CPU.Build.0 = Debug|Any CPU
		{E44D6615-F4DC-48C1-9F87-60B4BC470A78}.Release|Any CPU.ActiveCfg = Release|Any CPU
		{E44D6615-F4DC-48C1-9F87-60B4BC470A78}.Release|Any CPU.Build.0 = Release|Any CPU
		{D34DBBA1-C707-4184-8726-D215585CFF9B}.Debug|Any CPU.ActiveCfg = Debug|Any CPU
		{D34DBBA1-C707-4184-8726-D215585CFF9B}.Debug|Any CPU.Build.0 = Debug|Any CPU
		{D34DBBA1-C707-4184-8726-D215585CFF9B}.Release|Any CPU.ActiveCfg = Release|Any CPU
		{D34DBBA1-C707-4184-8726-D215585CFF9B}.Release|Any CPU.Build.0 = Release|Any CPU
		{D25B56D7-4C4F-43C7-B104-45DE7A7F0320}.Debug|Any CPU.ActiveCfg = Debug|Any CPU
		{D25B56D7-4C4F-43C7-B104-45DE7A7F0320}.Debug|Any CPU.Build.0 = Debug|Any CPU
		{D25B56D7-4C4F-43C7-B104-45DE7A7F0320}.Release|Any CPU.ActiveCfg = Release|Any CPU
		{D25B56D7-4C4F-43C7-B104-45DE7A7F0320}.Release|Any CPU.Build.0 = Release|Any CPU
	EndGlobalSection
	GlobalSection(SolutionProperties) = preSolution
		HideSolutionNode = FALSE
	EndGlobalSection
	GlobalSection(NestedProjects) = preSolution
		{E2371DC4-940C-4F4C-9E8C-B1E2AAB3E7C6} = {02EA681E-C7D8-13C7-8484-4AC65E1B71E8}
		{6CEC6595-27E7-408F-AEBD-C777F2EA3496} = {02EA681E-C7D8-13C7-8484-4AC65E1B71E8}
		{E44D6615-F4DC-48C1-9F87-60B4BC470A78} = {3509B23A-C988-4F84-AF31-FB29B43805FC}
		{D34DBBA1-C707-4184-8726-D215585CFF9B} = {3509B23A-C988-4F84-AF31-FB29B43805FC}
		{D25B56D7-4C4F-43C7-B104-45DE7A7F0320} = {3509B23A-C988-4F84-AF31-FB29B43805FC}
	EndGlobalSection
	GlobalSection(ExtensibilityGlobals) = postSolution
		SolutionGuid = {88C533D2-C9A8-4AAF-A3F5-D18D3563FB25}
	EndGlobalSection
EndGlobal
